
Microsoft Visual Studio Solution File, Format Version 12.00
# Visual Studio Version 17
VisualStudioVersion = 17.6.33801.468
MinimumVisualStudioVersion = 10.0.40219.1
Project("{FAE04EC0-301F-11D3-BF4B-00C04F79EFBC}") = "MemoryGame", "MemoryGame\MemoryGame.csproj", "{47BDF4F2-761C-4697-9126-8A888CA7DDAD}"
EndProject
Global
	GlobalSection(SolutionConfigurationPlatforms) = preSolution
		Debug|Any CPU = Debug|Any CPU
		Release|Any CPU = Release|Any CPU
	EndGlobalSection
	GlobalSection(ProjectConfigurationPlatforms) = postSolution
		{47BDF4F2-761C-4697-9126-8A888CA7DDAD}.Debug|Any CPU.ActiveCfg = Debug|Any CPU
		{47BDF4F2-761C-4697-9126-8A888CA7DDAD}.Debug|Any CPU.Build.0 = Debug|Any CPU
		{47BDF4F2-761C-4697-9126-8A888CA7DDAD}.Release|Any CPU.ActiveCfg = Release|Any CPU
		{47BDF4F2-761C-4697-9126-8A888CA7DDAD}.Release|Any CPU.Build.0 = Release|Any CPU
	EndGlobalSection
	GlobalSection(SolutionProperties) = preSolution
		HideSolutionNode = FALSE
	EndGlobalSection
	GlobalSection(ExtensibilityGlobals) = postSolution
		SolutionGuid = {E644DB49-7627-43A9-9975-595D81F525F9}
	EndGlobalSection
EndGlobal
